
Microsoft Visual Studio Solution File, Format Version 12.00
# Visual Studio Version 17
VisualStudioVersion = 17.8.34322.80
MinimumVisualStudioVersion = 10.0.40219.1
Project("{FAE04EC0-301F-11D3-BF4B-00C04F79EFBC}") = "FrontEnd", "FrontEnd\FrontEnd.csproj", "{EB321821-848F-4BF4-88C5-582B18B1A8EB}"
EndProject
Global
	GlobalSection(SolutionConfigurationPlatforms) = preSolution
		Debug|Any CPU = Debug|Any CPU
		Release|Any CPU = Release|Any CPU
	EndGlobalSection
	GlobalSection(ProjectConfigurationPlatforms) = postSolution
		{EB321821-848F-4BF4-88C5-582B18B1A8EB}.Debug|Any CPU.ActiveCfg = Debug|Any CPU
		{EB321821-848F-4BF4-88C5-582B18B1A8EB}.Debug|Any CPU.Build.0 = Debug|Any CPU
		{EB321821-848F-4BF4-88C5-582B18B1A8EB}.Release|Any CPU.ActiveCfg = Release|Any CPU
		{EB321821-848F-4BF4-88C5-582B18B1A8EB}.Release|Any CPU.Build.0 = Release|Any CPU
	EndGlobalSection
	GlobalSection(SolutionProperties) = preSolution
		HideSolutionNode = FALSE
	EndGlobalSection
	GlobalSection(ExtensibilityGlobals) = postSolution
		SolutionGuid = {107168AE-352F-4892-A1CA-922FDF22C85A}
	EndGlobalSection
EndGlobal
